
Microsoft Visual Studio Solution File, Format Version 12.00
# Visual Studio Version 17
VisualStudioVersion = 17.8.34330.188
MinimumVisualStudioVersion = 10.0.40219.1
Project("{FAE04EC0-301F-11D3-BF4B-00C04F79EFBC}") = "OTOBÜS ÖDEV", "OTOBÜS ÖDEV\OTOBÜS ÖDEV.csproj", "{2F3C23FD-F858-49DD-B35D-BC5302A737E5}"
EndProject
Global
	GlobalSection(SolutionConfigurationPlatforms) = preSolution
		Debug|Any CPU = Debug|Any CPU
		Release|Any CPU = Release|Any CPU
	EndGlobalSection
	GlobalSection(ProjectConfigurationPlatforms) = postSolution
		{2F3C23FD-F858-49DD-B35D-BC5302A737E5}.Debug|Any CPU.ActiveCfg = Debug|Any CPU
		{2F3C23FD-F858-49DD-B35D-BC5302A737E5}.Debug|Any CPU.Build.0 = Debug|Any CPU
		{2F3C23FD-F858-49DD-B35D-BC5302A737E5}.Release|Any CPU.ActiveCfg = Release|Any CPU
		{2F3C23FD-F858-49DD-B35D-BC5302A737E5}.Release|Any CPU.Build.0 = Release|Any CPU
	EndGlobalSection
	GlobalSection(SolutionProperties) = preSolution
		HideSolutionNode = FALSE
	EndGlobalSection
	GlobalSection(ExtensibilityGlobals) = postSolution
		SolutionGuid = {87CA69CF-9D1C-4487-96D2-A63418CB4B54}
	EndGlobalSection
EndGlobal
